
Microsoft Visual Studio Solution File, Format Version 12.00
# Visual Studio 15
VisualStudioVersion = 15.0.27428.2037
MinimumVisualStudioVersion = 10.0.40219.1
Project("{FAE04EC0-301F-11D3-BF4B-00C04F79EFBC}") = "TextAnalysis", "TextAnalysis\TextAnalysis.csproj", "{772922A4-5B18-44F5-ADF6-698CA38F971E}"
EndProject
Project("{FAE04EC0-301F-11D3-BF4B-00C04F79EFBC}") = "TextAnalysis.Tests", "TextAnalysis.Tests\TextAnalysis.Tests.csproj", "{9F7A5D72-9B4B-4880-A20A-3D2FD17BFD19}"
EndProject
Project("{FAE04EC0-301F-11D3-BF4B-00C04F79EFBC}") = "TextTool.Console", "TextTool.Console\TextTool.Console.csproj", "{5D3837FB-C0A7-4FB5-AA4E-A98F70BFC7BC}"
EndProject
Global
	GlobalSection(SolutionConfigurationPlatforms) = preSolution
		Debug|Any CPU = Debug|Any CPU
		Release|Any CPU = Release|Any CPU
	EndGlobalSection
	GlobalSection(ProjectConfigurationPlatforms) = postSolution
		{772922A4-5B18-44F5-ADF6-698CA38F971E}.Debug|Any CPU.ActiveCfg = Debug|Any CPU
		{772922A4-5B18-44F5-ADF6-698CA38F971E}.Debug|Any CPU.Build.0 = Debug|Any CPU
		{772922A4-5B18-44F5-ADF6-698CA38F971E}.Release|Any CPU.ActiveCfg = Release|Any CPU
		{772922A4-5B18-44F5-ADF6-698CA38F971E}.Release|Any CPU.Build.0 = Release|Any CPU
		{9F7A5D72-9B4B-4880-A20A-3D2FD17BFD19}.Debug|Any CPU.ActiveCfg = Debug|Any CPU
		{9F7A5D72-9B4B-4880-A20A-3D2FD17BFD19}.Debug|Any CPU.Build.0 = Debug|Any CPU
		{9F7A5D72-9B4B-4880-A20A-3D2FD17BFD19}.Release|Any CPU.ActiveCfg = Release|Any CPU
		{9F7A5D72-9B4B-4880-A20A-3D2FD17BFD19}.Release|Any CPU.Build.0 = Release|Any CPU
		{5D3837FB-C0A7-4FB5-AA4E-A98F70BFC7BC}.Debug|Any CPU.ActiveCfg = Debug|Any CPU
		{5D3837FB-C0A7-4FB5-AA4E-A98F70BFC7BC}.Debug|Any CPU.Build.0 = Debug|Any CPU
		{5D3837FB-C0A7-4FB5-AA4E-A98F70BFC7BC}.Release|Any CPU.ActiveCfg = Release|Any CPU
		{5D3837FB-C0A7-4FB5-AA4E-A98F70BFC7BC}.Release|Any CPU.Build.0 = Release|Any CPU
	EndGlobalSection
	GlobalSection(SolutionProperties) = preSolution
		HideSolutionNode = FALSE
	EndGlobalSection
	GlobalSection(ExtensibilityGlobals) = postSolution
		SolutionGuid = {72D621E1-DEAC-4E9B-9DA0-6571D51C6374}
	EndGlobalSection
EndGlobal
